
Microsoft Visual Studio Solution File, Format Version 12.00
# Visual Studio Version 17
VisualStudioVersion = 17.7.34024.191
MinimumVisualStudioVersion = 10.0.40219.1
Project("{FAE04EC0-301F-11D3-BF4B-00C04F79EFBC}") = "Office_Management_System", "Office_Management_System\Office_Management_System.csproj", "{BED67906-3BE1-4A38-A786-B9F7E6F4B3EA}"
EndProject
Global
	GlobalSection(SolutionConfigurationPlatforms) = preSolution
		Debug|Any CPU = Debug|Any CPU
		Release|Any CPU = Release|Any CPU
	EndGlobalSection
	GlobalSection(ProjectConfigurationPlatforms) = postSolution
		{BED67906-3BE1-4A38-A786-B9F7E6F4B3EA}.Debug|Any CPU.ActiveCfg = Debug|Any CPU
		{BED67906-3BE1-4A38-A786-B9F7E6F4B3EA}.Debug|Any CPU.Build.0 = Debug|Any CPU
		{BED67906-3BE1-4A38-A786-B9F7E6F4B3EA}.Release|Any CPU.ActiveCfg = Release|Any CPU
		{BED67906-3BE1-4A38-A786-B9F7E6F4B3EA}.Release|Any CPU.Build.0 = Release|Any CPU
	EndGlobalSection
	GlobalSection(SolutionProperties) = preSolution
		HideSolutionNode = FALSE
	EndGlobalSection
	GlobalSection(ExtensibilityGlobals) = postSolution
		SolutionGuid = {06D7E90E-27D9-4363-973E-9A81E562C6D9}
	EndGlobalSection
EndGlobal
